// !$*UTF8*$!
{
	archiveVersion = 1;
	classes = {
	};
	objectVersion = 56;
	objects = {

/* Begin PBXBuildFile section */
		EB068ABF2A21E26D00D1E2F5 /* MediaDetailViewController.swift in Sources */ = {isa = PBXBuildFile; fileRef = EB068ABE2A21E26D00D1E2F5 /* MediaDetailViewController.swift */; };
		EB068AC12A2226C600D1E2F5 /* PosterContentView.swift in Sources */ = {isa = PBXBuildFile; fileRef = EB068AC02A2226C600D1E2F5 /* PosterContentView.swift */; };
		EB0A74B62A1B3DEB007FB254 /* SearchViewModel.swift in Sources */ = {isa = PBXBuildFile; fileRef = EB0A74B52A1B3DEB007FB254 /* SearchViewModel.swift */; };
		EB0A74B82A1B8A1F007FB254 /* MediaDetailViewModel.swift in Sources */ = {isa = PBXBuildFile; fileRef = EB0A74B72A1B8A1F007FB254 /* MediaDetailViewModel.swift */; };
		EB1A550B2A2367A600D91575 /* UIImage.swift in Sources */ = {isa = PBXBuildFile; fileRef = EB1A550A2A2367A600D91575 /* UIImage.swift */; };
		EB5064AE2A16385600690730 /* Localizable.strings in Resources */ = {isa = PBXBuildFile; fileRef = EB5064B02A16385600690730 /* Localizable.strings */; };
		EB8B05052A12475E00C1BC37 /* AppDelegate.swift in Sources */ = {isa = PBXBuildFile; fileRef = EB8B05042A12475E00C1BC37 /* AppDelegate.swift */; };
		EB8B05072A12475E00C1BC37 /* SceneDelegate.swift in Sources */ = {isa = PBXBuildFile; fileRef = EB8B05062A12475E00C1BC37 /* SceneDelegate.swift */; };
		EB8B050E2A12475F00C1BC37 /* Assets.xcassets in Resources */ = {isa = PBXBuildFile; fileRef = EB8B050D2A12475F00C1BC37 /* Assets.xcassets */; };
		EB8B05112A12475F00C1BC37 /* LaunchScreen.storyboard in Resources */ = {isa = PBXBuildFile; fileRef = EB8B050F2A12475F00C1BC37 /* LaunchScreen.storyboard */; };
		EBDDA3852A1CEA4200A67637 /* TrendingViewModel.swift in Sources */ = {isa = PBXBuildFile; fileRef = EBDDA3842A1CEA4200A67637 /* TrendingViewModel.swift */; };
		EBDDA38B2A1DB1EA00A67637 /* TrendingViewController.swift in Sources */ = {isa = PBXBuildFile; fileRef = EBDDA38A2A1DB1EA00A67637 /* TrendingViewController.swift */; };
		EBDDA38E2A1DDE4900A67637 /* MediaContentView.swift in Sources */ = {isa = PBXBuildFile; fileRef = EBDDA38D2A1DDE4900A67637 /* MediaContentView.swift */; };
		EBDDA3912A1DE40B00A67637 /* MediaCollectionContentView.swift in Sources */ = {isa = PBXBuildFile; fileRef = EBDDA3902A1DE40B00A67637 /* MediaCollectionContentView.swift */; };
		EBDDA3952A1DEF2300A67637 /* Date.swift in Sources */ = {isa = PBXBuildFile; fileRef = EBDDA3942A1DEF2300A67637 /* Date.swift */; };
		EBDDA3972A1DF4C700A67637 /* MediaItem.swift in Sources */ = {isa = PBXBuildFile; fileRef = EBDDA3962A1DF4C700A67637 /* MediaItem.swift */; };
		EBDDA39E2A1E0B9800A67637 /* MediaItemViewModelProtocol.swift in Sources */ = {isa = PBXBuildFile; fileRef = EBDDA39D2A1E0B9800A67637 /* MediaItemViewModelProtocol.swift */; };
		EBDDA3A22A204F0400A67637 /* UISearchBar.swift in Sources */ = {isa = PBXBuildFile; fileRef = EBDDA3A12A204F0400A67637 /* UISearchBar.swift */; };
		EBDDA3A42A20522C00A67637 /* AttributedStringMaker.swift in Sources */ = {isa = PBXBuildFile; fileRef = EBDDA3A32A20522C00A67637 /* AttributedStringMaker.swift */; };
		EBDDA3A62A20595E00A67637 /* SearchViewController.swift in Sources */ = {isa = PBXBuildFile; fileRef = EBDDA3A52A20595E00A67637 /* SearchViewController.swift */; };
		EBE837F22A258CB000DCBA85 /* ImageContentView.swift in Sources */ = {isa = PBXBuildFile; fileRef = EBE837F12A258CB000DCBA85 /* ImageContentView.swift */; };
		EBE837F42A258CE500DCBA85 /* WatchProviderContentView.swift in Sources */ = {isa = PBXBuildFile; fileRef = EBE837F32A258CE500DCBA85 /* WatchProviderContentView.swift */; };
		EBE837F62A258D0700DCBA85 /* WatchProviderCollectionContentView.swift in Sources */ = {isa = PBXBuildFile; fileRef = EBE837F52A258D0700DCBA85 /* WatchProviderCollectionContentView.swift */; };
		EBE838032A25EF7100DCBA85 /* MovieDatabaseAPI in Frameworks */ = {isa = PBXBuildFile; productRef = EBE838022A25EF7100DCBA85 /* MovieDatabaseAPI */; };
		EBE838052A2601A200DCBA85 /* MovieDatabaseAPIError.swift in Sources */ = {isa = PBXBuildFile; fileRef = EBE838042A2601A200DCBA85 /* MovieDatabaseAPIError.swift */; };
		EBE838072A26021100DCBA85 /* MediaType.swift in Sources */ = {isa = PBXBuildFile; fileRef = EBE838062A26021100DCBA85 /* MediaType.swift */; };
		EBE838092A26023E00DCBA85 /* WatchProviderType.swift in Sources */ = {isa = PBXBuildFile; fileRef = EBE838082A26023E00DCBA85 /* WatchProviderType.swift */; };
		EBE8380B2A26110400DCBA85 /* Secrets.swift in Sources */ = {isa = PBXBuildFile; fileRef = EBE8380A2A26110400DCBA85 /* Secrets.swift */; };
/* End PBXBuildFile section */

/* Begin PBXContainerItemProxy section */
		EB3B83212A14B79D00617CEA /* PBXContainerItemProxy */ = {
			isa = PBXContainerItemProxy;
			containerPortal = EB8B04F92A12475E00C1BC37 /* Project object */;
			proxyType = 1;
			remoteGlobalIDString = EB8B05002A12475E00C1BC37;
			remoteInfo = WhereCanISeeThis;
		};
/* End PBXContainerItemProxy section */

/* Begin PBXFileReference section */
		EB068ABE2A21E26D00D1E2F5 /* MediaDetailViewController.swift */ = {isa = PBXFileReference; lastKnownFileType = sourcecode.swift; path = MediaDetailViewController.swift; sourceTree = "<group>"; };
		EB068AC02A2226C600D1E2F5 /* PosterContentView.swift */ = {isa = PBXFileReference; lastKnownFileType = sourcecode.swift; path = PosterContentView.swift; sourceTree = "<group>"; };
		EB0A74B52A1B3DEB007FB254 /* SearchViewModel.swift */ = {isa = PBXFileReference; lastKnownFileType = sourcecode.swift; path = SearchViewModel.swift; sourceTree = "<group>"; };
		EB0A74B72A1B8A1F007FB254 /* MediaDetailViewModel.swift */ = {isa = PBXFileReference; lastKnownFileType = sourcecode.swift; path = MediaDetailViewModel.swift; sourceTree = "<group>"; };
		EB1A550A2A2367A600D91575 /* UIImage.swift */ = {isa = PBXFileReference; lastKnownFileType = sourcecode.swift; path = UIImage.swift; sourceTree = "<group>"; };
		EB3B831D2A14B79D00617CEA /* WhereToWatchTests.xctest */ = {isa = PBXFileReference; explicitFileType = wrapper.cfbundle; includeInIndex = 0; path = WhereToWatchTests.xctest; sourceTree = BUILT_PRODUCTS_DIR; };
		EB5064AF2A16385600690730 /* en */ = {isa = PBXFileReference; lastKnownFileType = text.plist.strings; name = en; path = en.lproj/Localizable.strings; sourceTree = "<group>"; };
		EB5064B12A16385900690730 /* ko */ = {isa = PBXFileReference; lastKnownFileType = text.plist.strings; name = ko; path = ko.lproj/Localizable.strings; sourceTree = "<group>"; };
		EB8B05012A12475E00C1BC37 /* WhereToWatch.app */ = {isa = PBXFileReference; explicitFileType = wrapper.application; includeInIndex = 0; path = WhereToWatch.app; sourceTree = BUILT_PRODUCTS_DIR; };
		EB8B05042A12475E00C1BC37 /* AppDelegate.swift */ = {isa = PBXFileReference; lastKnownFileType = sourcecode.swift; path = AppDelegate.swift; sourceTree = "<group>"; };
		EB8B05062A12475E00C1BC37 /* SceneDelegate.swift */ = {isa = PBXFileReference; lastKnownFileType = sourcecode.swift; path = SceneDelegate.swift; sourceTree = "<group>"; };
		EB8B050D2A12475F00C1BC37 /* Assets.xcassets */ = {isa = PBXFileReference; lastKnownFileType = folder.assetcatalog; path = Assets.xcassets; sourceTree = "<group>"; };
		EB8B05102A12475F00C1BC37 /* Base */ = {isa = PBXFileReference; lastKnownFileType = file.storyboard; name = Base; path = Base.lproj/LaunchScreen.storyboard; sourceTree = "<group>"; };
		EB8B05122A12475F00C1BC37 /* Info.plist */ = {isa = PBXFileReference; lastKnownFileType = text.plist.xml; path = Info.plist; sourceTree = "<group>"; };
		EB8B05662A12540D00C1BC37 /* ko */ = {isa = PBXFileReference; lastKnownFileType = text.plist.strings; name = ko; path = ko.lproj/LaunchScreen.strings; sourceTree = "<group>"; };
		EBA775A02A1CBA9000C5E685 /* WhereToWatch.xctestplan */ = {isa = PBXFileReference; lastKnownFileType = text; path = WhereToWatch.xctestplan; sourceTree = "<group>"; };
		EBDDA3842A1CEA4200A67637 /* TrendingViewModel.swift */ = {isa = PBXFileReference; lastKnownFileType = sourcecode.swift; path = TrendingViewModel.swift; sourceTree = "<group>"; };
		EBDDA38A2A1DB1EA00A67637 /* TrendingViewController.swift */ = {isa = PBXFileReference; lastKnownFileType = sourcecode.swift; path = TrendingViewController.swift; sourceTree = "<group>"; };
		EBDDA38D2A1DDE4900A67637 /* MediaContentView.swift */ = {isa = PBXFileReference; lastKnownFileType = sourcecode.swift; path = MediaContentView.swift; sourceTree = "<group>"; };
		EBDDA3902A1DE40B00A67637 /* MediaCollectionContentView.swift */ = {isa = PBXFileReference; lastKnownFileType = sourcecode.swift; path = MediaCollectionContentView.swift; sourceTree = "<group>"; };
		EBDDA3942A1DEF2300A67637 /* Date.swift */ = {isa = PBXFileReference; lastKnownFileType = sourcecode.swift; path = Date.swift; sourceTree = "<group>"; };
		EBDDA3962A1DF4C700A67637 /* MediaItem.swift */ = {isa = PBXFileReference; lastKnownFileType = sourcecode.swift; path = MediaItem.swift; sourceTree = "<group>"; };
		EBDDA39D2A1E0B9800A67637 /* MediaItemViewModelProtocol.swift */ = {isa = PBXFileReference; lastKnownFileType = sourcecode.swift; path = MediaItemViewModelProtocol.swift; sourceTree = "<group>"; };
		EBDDA3A12A204F0400A67637 /* UISearchBar.swift */ = {isa = PBXFileReference; lastKnownFileType = sourcecode.swift; path = UISearchBar.swift; sourceTree = "<group>"; };
		EBDDA3A32A20522C00A67637 /* AttributedStringMaker.swift */ = {isa = PBXFileReference; lastKnownFileType = sourcecode.swift; path = AttributedStringMaker.swift; sourceTree = "<group>"; };
		EBDDA3A52A20595E00A67637 /* SearchViewController.swift */ = {isa = PBXFileReference; lastKnownFileType = sourcecode.swift; path = SearchViewController.swift; sourceTree = "<group>"; };
		EBE837F12A258CB000DCBA85 /* ImageContentView.swift */ = {isa = PBXFileReference; lastKnownFileType = sourcecode.swift; path = ImageContentView.swift; sourceTree = "<group>"; };
		EBE837F32A258CE500DCBA85 /* WatchProviderContentView.swift */ = {isa = PBXFileReference; lastKnownFileType = sourcecode.swift; path = WatchProviderContentView.swift; sourceTree = "<group>"; };
		EBE837F52A258D0700DCBA85 /* WatchProviderCollectionContentView.swift */ = {isa = PBXFileReference; lastKnownFileType = sourcecode.swift; path = WatchProviderCollectionContentView.swift; sourceTree = "<group>"; };
		EBE838002A25EF6200DCBA85 /* MovieDatabaseAPI */ = {isa = PBXFileReference; lastKnownFileType = wrapper; path = MovieDatabaseAPI; sourceTree = "<group>"; };
		EBE838042A2601A200DCBA85 /* MovieDatabaseAPIError.swift */ = {isa = PBXFileReference; lastKnownFileType = sourcecode.swift; path = MovieDatabaseAPIError.swift; sourceTree = "<group>"; };
		EBE838062A26021100DCBA85 /* MediaType.swift */ = {isa = PBXFileReference; lastKnownFileType = sourcecode.swift; path = MediaType.swift; sourceTree = "<group>"; };
		EBE838082A26023E00DCBA85 /* WatchProviderType.swift */ = {isa = PBXFileReference; lastKnownFileType = sourcecode.swift; path = WatchProviderType.swift; sourceTree = "<group>"; };
		EBE8380A2A26110400DCBA85 /* Secrets.swift */ = {isa = PBXFileReference; lastKnownFileType = sourcecode.swift; path = Secrets.swift; sourceTree = "<group>"; };
/* End PBXFileReference section */

/* Begin PBXFrameworksBuildPhase section */
		EB3B831A2A14B79D00617CEA /* Frameworks */ = {
			isa = PBXFrameworksBuildPhase;
			buildActionMask = 2147483647;
			files = (
			);
			runOnlyForDeploymentPostprocessing = 0;
		};
		EB8B04FE2A12475E00C1BC37 /* Frameworks */ = {
			isa = PBXFrameworksBuildPhase;
			buildActionMask = 2147483647;
			files = (
				EBE838032A25EF7100DCBA85 /* MovieDatabaseAPI in Frameworks */,
			);
			runOnlyForDeploymentPostprocessing = 0;
		};
/* End PBXFrameworksBuildPhase section */

/* Begin PBXGroup section */
		EB3B831E2A14B79D00617CEA /* WhereToWatchTests */ = {
			isa = PBXGroup;
			children = (
				EBA775A02A1CBA9000C5E685 /* WhereToWatch.xctestplan */,
			);
			path = WhereToWatchTests;
			sourceTree = "<group>";
		};
		EB8B04F82A12475E00C1BC37 = {
			isa = PBXGroup;
			children = (
				EB8B05032A12475E00C1BC37 /* WhereToWatch */,
				EB3B831E2A14B79D00617CEA /* WhereToWatchTests */,
				EB8B05022A12475E00C1BC37 /* Products */,
				EBE838012A25EF7100DCBA85 /* Frameworks */,
			);
			sourceTree = "<group>";
		};
		EB8B05022A12475E00C1BC37 /* Products */ = {
			isa = PBXGroup;
			children = (
				EB8B05012A12475E00C1BC37 /* WhereToWatch.app */,
				EB3B831D2A14B79D00617CEA /* WhereToWatchTests.xctest */,
			);
			name = Products;
			sourceTree = "<group>";
		};
		EB8B05032A12475E00C1BC37 /* WhereToWatch */ = {
			isa = PBXGroup;
			children = (
				EB8B05122A12475F00C1BC37 /* Info.plist */,
				EBE2E1FC2A13809D00373E75 /* Resources */,
				EBE2E1FA2A137F9500373E75 /* Sources */,
			);
			path = WhereToWatch;
			sourceTree = "<group>";
		};
		EBDDA3862A1DB17F00A67637 /* TrendingView */ = {
			isa = PBXGroup;
			children = (
				EBDDA38A2A1DB1EA00A67637 /* TrendingViewController.swift */,
			);
			path = TrendingView;
			sourceTree = "<group>";
		};
		EBDDA3872A1DB1A400A67637 /* SearchView */ = {
			isa = PBXGroup;
			children = (
				EBDDA3A52A20595E00A67637 /* SearchViewController.swift */,
			);
			path = SearchView;
			sourceTree = "<group>";
		};
		EBDDA3882A1DB1AF00A67637 /* MediaDetailView */ = {
			isa = PBXGroup;
			children = (
				EB068ABE2A21E26D00D1E2F5 /* MediaDetailViewController.swift */,
			);
			path = MediaDetailView;
			sourceTree = "<group>";
		};
		EBDDA38C2A1DDBE500A67637 /* ContentViews */ = {
			isa = PBXGroup;
			children = (
				EBE837F12A258CB000DCBA85 /* ImageContentView.swift */,
				EBDDA3902A1DE40B00A67637 /* MediaCollectionContentView.swift */,
				EBDDA38D2A1DDE4900A67637 /* MediaContentView.swift */,
				EB068AC02A2226C600D1E2F5 /* PosterContentView.swift */,
				EBE837F52A258D0700DCBA85 /* WatchProviderCollectionContentView.swift */,
				EBE837F32A258CE500DCBA85 /* WatchProviderContentView.swift */,
			);
			path = ContentViews;
			sourceTree = "<group>";
		};
		EBE2E1FA2A137F9500373E75 /* Sources */ = {
			isa = PBXGroup;
			children = (
				EBE2E1FB2A137FAB00373E75 /* AppLifeCycle */,
				EBE2E2002A13812600373E75 /* Extensions */,
				EBE2E1FD2A1380B500373E75 /* Models */,
				EBE2E2022A13813A00373E75 /* Utilites */,
				EBE2E1FF2A1380C800373E75 /* ViewModels */,
				EBE2E1FE2A1380BE00373E75 /* Views */,
			);
			path = Sources;
			sourceTree = "<group>";
		};
		EBE2E1FB2A137FAB00373E75 /* AppLifeCycle */ = {
			isa = PBXGroup;
			children = (
				EB8B05042A12475E00C1BC37 /* AppDelegate.swift */,
				EB8B05062A12475E00C1BC37 /* SceneDelegate.swift */,
			);
			path = AppLifeCycle;
			sourceTree = "<group>";
		};
		EBE2E1FC2A13809D00373E75 /* Resources */ = {
			isa = PBXGroup;
			children = (
				EB8B050D2A12475F00C1BC37 /* Assets.xcassets */,
				EB8B050F2A12475F00C1BC37 /* LaunchScreen.storyboard */,
				EB5064B02A16385600690730 /* Localizable.strings */,
			);
			path = Resources;
			sourceTree = "<group>";
		};
		EBE2E1FD2A1380B500373E75 /* Models */ = {
			isa = PBXGroup;
			children = (
				EBDDA3962A1DF4C700A67637 /* MediaItem.swift */,
			);
			path = Models;
			sourceTree = "<group>";
		};
		EBE2E1FE2A1380BE00373E75 /* Views */ = {
			isa = PBXGroup;
			children = (
				EBDDA38C2A1DDBE500A67637 /* ContentViews */,
				EBDDA3882A1DB1AF00A67637 /* MediaDetailView */,
				EBDDA3872A1DB1A400A67637 /* SearchView */,
				EBDDA3862A1DB17F00A67637 /* TrendingView */,
			);
			path = Views;
			sourceTree = "<group>";
		};
		EBE2E1FF2A1380C800373E75 /* ViewModels */ = {
			isa = PBXGroup;
			children = (
				EB0A74B72A1B8A1F007FB254 /* MediaDetailViewModel.swift */,
				EBDDA39D2A1E0B9800A67637 /* MediaItemViewModelProtocol.swift */,
				EB0A74B52A1B3DEB007FB254 /* SearchViewModel.swift */,
				EBDDA3842A1CEA4200A67637 /* TrendingViewModel.swift */,
			);
			path = ViewModels;
			sourceTree = "<group>";
		};
		EBE2E2002A13812600373E75 /* Extensions */ = {
			isa = PBXGroup;
			children = (
				EBDDA3942A1DEF2300A67637 /* Date.swift */,
				EBE838062A26021100DCBA85 /* MediaType.swift */,
				EBE838042A2601A200DCBA85 /* MovieDatabaseAPIError.swift */,
				EB1A550A2A2367A600D91575 /* UIImage.swift */,
				EBDDA3A12A204F0400A67637 /* UISearchBar.swift */,
				EBE838082A26023E00DCBA85 /* WatchProviderType.swift */,
			);
			path = Extensions;
			sourceTree = "<group>";
		};
		EBE2E2022A13813A00373E75 /* Utilites */ = {
			isa = PBXGroup;
			children = (
				EBDDA3A32A20522C00A67637 /* AttributedStringMaker.swift */,
				EBE8380A2A26110400DCBA85 /* Secrets.swift */,
			);
			path = Utilites;
			sourceTree = "<group>";
		};
		EBE838012A25EF7100DCBA85 /* Frameworks */ = {
			isa = PBXGroup;
			children = (
				EBE838002A25EF6200DCBA85 /* MovieDatabaseAPI */,
			);
			name = Frameworks;
			sourceTree = "<group>";
		};
/* End PBXGroup section */

/* Begin PBXNativeTarget section */
		EB3B831C2A14B79D00617CEA /* WhereToWatchTests */ = {
			isa = PBXNativeTarget;
			buildConfigurationList = EB3B83232A14B79D00617CEA /* Build configuration list for PBXNativeTarget "WhereToWatchTests" */;
			buildPhases = (
				EB3B83192A14B79D00617CEA /* Sources */,
				EB3B831A2A14B79D00617CEA /* Frameworks */,
				EB3B831B2A14B79D00617CEA /* Resources */,
			);
			buildRules = (
			);
			dependencies = (
				EB3B83222A14B79D00617CEA /* PBXTargetDependency */,
			);
			name = WhereToWatchTests;
			productName = WhereCanISeeThisTests;
			productReference = EB3B831D2A14B79D00617CEA /* WhereToWatchTests.xctest */;
			productType = "com.apple.product-type.bundle.unit-test";
		};
		EB8B05002A12475E00C1BC37 /* WhereToWatch */ = {
			isa = PBXNativeTarget;
			buildConfigurationList = EB8B052B2A12475F00C1BC37 /* Build configuration list for PBXNativeTarget "WhereToWatch" */;
			buildPhases = (
				EB8B04FD2A12475E00C1BC37 /* Sources */,
				EB8B04FE2A12475E00C1BC37 /* Frameworks */,
				EB8B04FF2A12475E00C1BC37 /* Resources */,
				EB8B05682A1256AF00C1BC37 /* SwiftLint */,
			);
			buildRules = (
			);
			dependencies = (
			);
			name = WhereToWatch;
			packageProductDependencies = (
				EBE838022A25EF7100DCBA85 /* MovieDatabaseAPI */,
			);
			productName = WhereCanISeeThis;
			productReference = EB8B05012A12475E00C1BC37 /* WhereToWatch.app */;
			productType = "com.apple.product-type.application";
		};
/* End PBXNativeTarget section */

/* Begin PBXProject section */
		EB8B04F92A12475E00C1BC37 /* Project object */ = {
			isa = PBXProject;
			attributes = {
				BuildIndependentTargetsInParallel = 1;
				LastSwiftUpdateCheck = 1430;
				LastUpgradeCheck = 1430;
				TargetAttributes = {
					EB3B831C2A14B79D00617CEA = {
						CreatedOnToolsVersion = 14.3;
						TestTargetID = EB8B05002A12475E00C1BC37;
					};
					EB8B05002A12475E00C1BC37 = {
						CreatedOnToolsVersion = 14.3;
					};
				};
			};
			buildConfigurationList = EB8B04FC2A12475E00C1BC37 /* Build configuration list for PBXProject "WhereToWatch" */;
			compatibilityVersion = "Xcode 14.0";
			developmentRegion = en;
			hasScannedForEncodings = 0;
			knownRegions = (
				en,
				Base,
				ko,
			);
			mainGroup = EB8B04F82A12475E00C1BC37;
			productRefGroup = EB8B05022A12475E00C1BC37 /* Products */;
			projectDirPath = "";
			projectRoot = "";
			targets = (
				EB8B05002A12475E00C1BC37 /* WhereToWatch */,
				EB3B831C2A14B79D00617CEA /* WhereToWatchTests */,
			);
		};
/* End PBXProject section */

/* Begin PBXResourcesBuildPhase section */
		EB3B831B2A14B79D00617CEA /* Resources */ = {
			isa = PBXResourcesBuildPhase;
			buildActionMask = 2147483647;
			files = (
			);
			runOnlyForDeploymentPostprocessing = 0;
		};
		EB8B04FF2A12475E00C1BC37 /* Resources */ = {
			isa = PBXResourcesBuildPhase;
			buildActionMask = 2147483647;
			files = (
				EB8B05112A12475F00C1BC37 /* LaunchScreen.storyboard in Resources */,
				EB5064AE2A16385600690730 /* Localizable.strings in Resources */,
				EB8B050E2A12475F00C1BC37 /* Assets.xcassets in Resources */,
			);
			runOnlyForDeploymentPostprocessing = 0;
		};
/* End PBXResourcesBuildPhase section */

/* Begin PBXShellScriptBuildPhase section */
		EB8B05682A1256AF00C1BC37 /* SwiftLint */ = {
			isa = PBXShellScriptBuildPhase;
			alwaysOutOfDate = 1;
			buildActionMask = 2147483647;
			files = (
			);
			inputFileListPaths = (
			);
			inputPaths = (
			);
			name = SwiftLint;
			outputFileListPaths = (
			);
			outputPaths = (
			);
			runOnlyForDeploymentPostprocessing = 0;
			shellPath = /bin/sh;
			shellScript = "if [[ \"$(uname -m)\" == arm64 ]]; then\n    export PATH=\"/opt/homebrew/bin:$PATH\"\nfi\n\nif which swiftlint > /dev/null; then\n  swiftlint\nelse\n  echo \"warning: SwiftLint not installed, download from https://github.com/realm/SwiftLint\"\nfi\n";
		};
/* End PBXShellScriptBuildPhase section */

/* Begin PBXSourcesBuildPhase section */
		EB3B83192A14B79D00617CEA /* Sources */ = {
			isa = PBXSourcesBuildPhase;
			buildActionMask = 2147483647;
			files = (
			);
			runOnlyForDeploymentPostprocessing = 0;
		};
		EB8B04FD2A12475E00C1BC37 /* Sources */ = {
			isa = PBXSourcesBuildPhase;
			buildActionMask = 2147483647;
			files = (
				EB8B05052A12475E00C1BC37 /* AppDelegate.swift in Sources */,
				EBE8380B2A26110400DCBA85 /* Secrets.swift in Sources */,
				EB068AC12A2226C600D1E2F5 /* PosterContentView.swift in Sources */,
				EBDDA3952A1DEF2300A67637 /* Date.swift in Sources */,
				EBDDA39E2A1E0B9800A67637 /* MediaItemViewModelProtocol.swift in Sources */,
				EB0A74B82A1B8A1F007FB254 /* MediaDetailViewModel.swift in Sources */,
				EBDDA38E2A1DDE4900A67637 /* MediaContentView.swift in Sources */,
				EBE838072A26021100DCBA85 /* MediaType.swift in Sources */,
				EBDDA3A62A20595E00A67637 /* SearchViewController.swift in Sources */,
				EBDDA3A22A204F0400A67637 /* UISearchBar.swift in Sources */,
				EBE838052A2601A200DCBA85 /* MovieDatabaseAPIError.swift in Sources */,
				EBE837F42A258CE500DCBA85 /* WatchProviderContentView.swift in Sources */,
				EBDDA3852A1CEA4200A67637 /* TrendingViewModel.swift in Sources */,
				EBDDA3972A1DF4C700A67637 /* MediaItem.swift in Sources */,
				EBDDA3912A1DE40B00A67637 /* MediaCollectionContentView.swift in Sources */,
				EBE837F62A258D0700DCBA85 /* WatchProviderCollectionContentView.swift in Sources */,
				EBDDA3A42A20522C00A67637 /* AttributedStringMaker.swift in Sources */,
				EBE837F22A258CB000DCBA85 /* ImageContentView.swift in Sources */,
				EBDDA38B2A1DB1EA00A67637 /* TrendingViewController.swift in Sources */,
				EB0A74B62A1B3DEB007FB254 /* SearchViewModel.swift in Sources */,
				EB8B05072A12475E00C1BC37 /* SceneDelegate.swift in Sources */,
				EB1A550B2A2367A600D91575 /* UIImage.swift in Sources */,
				EBE838092A26023E00DCBA85 /* WatchProviderType.swift in Sources */,
				EB068ABF2A21E26D00D1E2F5 /* MediaDetailViewController.swift in Sources */,
			);
			runOnlyForDeploymentPostprocessing = 0;
		};
/* End PBXSourcesBuildPhase section */

/* Begin PBXTargetDependency section */
		EB3B83222A14B79D00617CEA /* PBXTargetDependency */ = {
			isa = PBXTargetDependency;
			target = EB8B05002A12475E00C1BC37 /* WhereToWatch */;
			targetProxy = EB3B83212A14B79D00617CEA /* PBXContainerItemProxy */;
		};
/* End PBXTargetDependency section */

/* Begin PBXVariantGroup section */
		EB5064B02A16385600690730 /* Localizable.strings */ = {
			isa = PBXVariantGroup;
			children = (
				EB5064AF2A16385600690730 /* en */,
				EB5064B12A16385900690730 /* ko */,
			);
			name = Localizable.strings;
			sourceTree = "<group>";
		};
		EB8B050F2A12475F00C1BC37 /* LaunchScreen.storyboard */ = {
			isa = PBXVariantGroup;
			children = (
				EB8B05102A12475F00C1BC37 /* Base */,
				EB8B05662A12540D00C1BC37 /* ko */,
			);
			name = LaunchScreen.storyboard;
			sourceTree = "<group>";
		};
/* End PBXVariantGroup section */

/* Begin XCBuildConfiguration section */
		EB3B83242A14B79D00617CEA /* Debug */ = {
			isa = XCBuildConfiguration;
			buildSettings = {
				BUNDLE_LOADER = "$(TEST_HOST)";
				CODE_SIGN_STYLE = Automatic;
				CURRENT_PROJECT_VERSION = 1;
				DEVELOPMENT_TEAM = Q76RZAC2A2;
				GENERATE_INFOPLIST_FILE = YES;
				IPHONEOS_DEPLOYMENT_TARGET = 16.4;
				MARKETING_VERSION = 1.0;
				PRODUCT_BUNDLE_IDENTIFIER = com.example.whereToWatch.whereToWatchTests;
				PRODUCT_NAME = "$(TARGET_NAME)";
				SWIFT_EMIT_LOC_STRINGS = NO;
				SWIFT_VERSION = 5.0;
				TARGETED_DEVICE_FAMILY = "1,2";
				TEST_HOST = "$(BUILT_PRODUCTS_DIR)/WhereToWatch.app/$(BUNDLE_EXECUTABLE_FOLDER_PATH)/WhereToWatch";
			};
			name = Debug;
		};
		EB3B83252A14B79D00617CEA /* Release */ = {
			isa = XCBuildConfiguration;
			buildSettings = {
				BUNDLE_LOADER = "$(TEST_HOST)";
				CODE_SIGN_STYLE = Automatic;
				CURRENT_PROJECT_VERSION = 1;
				DEVELOPMENT_TEAM = Q76RZAC2A2;
				GENERATE_INFOPLIST_FILE = YES;
				IPHONEOS_DEPLOYMENT_TARGET = 16.4;
				MARKETING_VERSION = 1.0;
				PRODUCT_BUNDLE_IDENTIFIER = com.example.whereToWatch.whereToWatchTests;
				PRODUCT_NAME = "$(TARGET_NAME)";
				SWIFT_EMIT_LOC_STRINGS = NO;
				SWIFT_VERSION = 5.0;
				TARGETED_DEVICE_FAMILY = "1,2";
				TEST_HOST = "$(BUILT_PRODUCTS_DIR)/WhereToWatch.app/$(BUNDLE_EXECUTABLE_FOLDER_PATH)/WhereToWatch";
			};
			name = Release;
		};
		EB8B05292A12475F00C1BC37 /* Debug */ = {
			isa = XCBuildConfiguration;
			buildSettings = {
				ALWAYS_SEARCH_USER_PATHS = NO;
				CLANG_ANALYZER_LOCALIZABILITY_NONLOCALIZED = YES;
				CLANG_ANALYZER_NONNULL = YES;
				CLANG_ANALYZER_NUMBER_OBJECT_CONVERSION = YES_AGGRESSIVE;
				CLANG_CXX_LANGUAGE_STANDARD = "gnu++20";
				CLANG_ENABLE_MODULES = YES;
				CLANG_ENABLE_OBJC_ARC = YES;
				CLANG_ENABLE_OBJC_WEAK = YES;
				CLANG_WARN_BLOCK_CAPTURE_AUTORELEASING = YES;
				CLANG_WARN_BOOL_CONVERSION = YES;
				CLANG_WARN_COMMA = YES;
				CLANG_WARN_CONSTANT_CONVERSION = YES;
				CLANG_WARN_DEPRECATED_OBJC_IMPLEMENTATIONS = YES;
				CLANG_WARN_DIRECT_OBJC_ISA_USAGE = YES_ERROR;
				CLANG_WARN_DOCUMENTATION_COMMENTS = YES;
				CLANG_WARN_EMPTY_BODY = YES;
				CLANG_WARN_ENUM_CONVERSION = YES;
				CLANG_WARN_INFINITE_RECURSION = YES;
				CLANG_WARN_INT_CONVERSION = YES;
				CLANG_WARN_NON_LITERAL_NULL_CONVERSION = YES;
				CLANG_WARN_OBJC_IMPLICIT_RETAIN_SELF = YES;
				CLANG_WARN_OBJC_LITERAL_CONVERSION = YES;
				CLANG_WARN_OBJC_ROOT_CLASS = YES_ERROR;
				CLANG_WARN_QUOTED_INCLUDE_IN_FRAMEWORK_HEADER = YES;
				CLANG_WARN_RANGE_LOOP_ANALYSIS = YES;
				CLANG_WARN_STRICT_PROTOTYPES = YES;
				CLANG_WARN_SUSPICIOUS_MOVE = YES;
				CLANG_WARN_UNGUARDED_AVAILABILITY = YES_AGGRESSIVE;
				CLANG_WARN_UNREACHABLE_CODE = YES;
				CLANG_WARN__DUPLICATE_METHOD_MATCH = YES;
				COPY_PHASE_STRIP = NO;
				DEBUG_INFORMATION_FORMAT = dwarf;
				ENABLE_STRICT_OBJC_MSGSEND = YES;
				ENABLE_TESTABILITY = YES;
				GCC_C_LANGUAGE_STANDARD = gnu11;
				GCC_DYNAMIC_NO_PIC = NO;
				GCC_NO_COMMON_BLOCKS = YES;
				GCC_OPTIMIZATION_LEVEL = 0;
				GCC_PREPROCESSOR_DEFINITIONS = (
					"DEBUG=1",
					"$(inherited)",
				);
				GCC_WARN_64_TO_32_BIT_CONVERSION = YES;
				GCC_WARN_ABOUT_RETURN_TYPE = YES_ERROR;
				GCC_WARN_UNDECLARED_SELECTOR = YES;
				GCC_WARN_UNINITIALIZED_AUTOS = YES_AGGRESSIVE;
				GCC_WARN_UNUSED_FUNCTION = YES;
				GCC_WARN_UNUSED_VARIABLE = YES;
				IPHONEOS_DEPLOYMENT_TARGET = 16.0;
				MTL_ENABLE_DEBUG_INFO = INCLUDE_SOURCE;
				MTL_FAST_MATH = YES;
				ONLY_ACTIVE_ARCH = YES;
				SDKROOT = iphoneos;
				SWIFT_ACTIVE_COMPILATION_CONDITIONS = DEBUG;
				SWIFT_OPTIMIZATION_LEVEL = "-Onone";
			};
			name = Debug;
		};
		EB8B052A2A12475F00C1BC37 /* Release */ = {
			isa = XCBuildConfiguration;
			buildSettings = {
				ALWAYS_SEARCH_USER_PATHS = NO;
				CLANG_ANALYZER_LOCALIZABILITY_NONLOCALIZED = YES;
				CLANG_ANALYZER_NONNULL = YES;
				CLANG_ANALYZER_NUMBER_OBJECT_CONVERSION = YES_AGGRESSIVE;
				CLANG_CXX_LANGUAGE_STANDARD = "gnu++20";
				CLANG_ENABLE_MODULES = YES;
				CLANG_ENABLE_OBJC_ARC = YES;
				CLANG_ENABLE_OBJC_WEAK = YES;
				CLANG_WARN_BLOCK_CAPTURE_AUTORELEASING = YES;
				CLANG_WARN_BOOL_CONVERSION = YES;
				CLANG_WARN_COMMA = YES;
				CLANG_WARN_CONSTANT_CONVERSION = YES;
				CLANG_WARN_DEPRECATED_OBJC_IMPLEMENTATIONS = YES;
				CLANG_WARN_DIRECT_OBJC_ISA_USAGE = YES_ERROR;
				CLANG_WARN_DOCUMENTATION_COMMENTS = YES;
				CLANG_WARN_EMPTY_BODY = YES;
				CLANG_WARN_ENUM_CONVERSION = YES;
				CLANG_WARN_INFINITE_RECURSION = YES;
				CLANG_WARN_INT_CONVERSION = YES;
				CLANG_WARN_NON_LITERAL_NULL_CONVERSION = YES;
				CLANG_WARN_OBJC_IMPLICIT_RETAIN_SELF = YES;
				CLANG_WARN_OBJC_LITERAL_CONVERSION = YES;
				CLANG_WARN_OBJC_ROOT_CLASS = YES_ERROR;
				CLANG_WARN_QUOTED_INCLUDE_IN_FRAMEWORK_HEADER = YES;
				CLANG_WARN_RANGE_LOOP_ANALYSIS = YES;
				CLANG_WARN_STRICT_PROTOTYPES = YES;
				CLANG_WARN_SUSPICIOUS_MOVE = YES;
				CLANG_WARN_UNGUARDED_AVAILABILITY = YES_AGGRESSIVE;
				CLANG_WARN_UNREACHABLE_CODE = YES;
				CLANG_WARN__DUPLICATE_METHOD_MATCH = YES;
				COPY_PHASE_STRIP = NO;
				DEBUG_INFORMATION_FORMAT = "dwarf-with-dsym";
				ENABLE_NS_ASSERTIONS = NO;
				ENABLE_STRICT_OBJC_MSGSEND = YES;
				GCC_C_LANGUAGE_STANDARD = gnu11;
				GCC_NO_COMMON_BLOCKS = YES;
				GCC_WARN_64_TO_32_BIT_CONVERSION = YES;
				GCC_WARN_ABOUT_RETURN_TYPE = YES_ERROR;
				GCC_WARN_UNDECLARED_SELECTOR = YES;
				GCC_WARN_UNINITIALIZED_AUTOS = YES_AGGRESSIVE;
				GCC_WARN_UNUSED_FUNCTION = YES;
				GCC_WARN_UNUSED_VARIABLE = YES;
				IPHONEOS_DEPLOYMENT_TARGET = 16.0;
				MTL_ENABLE_DEBUG_INFO = NO;
				MTL_FAST_MATH = YES;
				SDKROOT = iphoneos;
				SWIFT_COMPILATION_MODE = wholemodule;
				SWIFT_OPTIMIZATION_LEVEL = "-O";
				VALIDATE_PRODUCT = YES;
			};
			name = Release;
		};
		EB8B052C2A12475F00C1BC37 /* Debug */ = {
			isa = XCBuildConfiguration;
			buildSettings = {
				ASSETCATALOG_COMPILER_APPICON_NAME = AppIcon;
				ASSETCATALOG_COMPILER_GLOBAL_ACCENT_COLOR_NAME = AccentColor;
				ASSETCATALOG_COMPILER_INCLUDE_ALL_APPICON_ASSETS = NO;
				CODE_SIGN_STYLE = Automatic;
				CURRENT_PROJECT_VERSION = 1;
				DEVELOPMENT_TEAM = Q76RZAC2A2;
				GENERATE_INFOPLIST_FILE = YES;
				INFOPLIST_FILE = WhereToWatch/Info.plist;
				INFOPLIST_KEY_CFBundleDisplayName = "Where To Watch";
				INFOPLIST_KEY_LSApplicationCategoryType = "public.app-category.entertainment";
				INFOPLIST_KEY_UIApplicationSupportsIndirectInputEvents = YES;
				INFOPLIST_KEY_UILaunchStoryboardName = LaunchScreen.storyboard;
				INFOPLIST_KEY_UIMainStoryboardFile = "";
				INFOPLIST_KEY_UISupportedInterfaceOrientations = UIInterfaceOrientationPortrait;
				INFOPLIST_KEY_UISupportedInterfaceOrientations_iPad = "UIInterfaceOrientationLandscapeLeft UIInterfaceOrientationLandscapeRight UIInterfaceOrientationPortrait UIInterfaceOrientationPortraitUpsideDown";
				IPHONEOS_DEPLOYMENT_TARGET = 16.0;
				LD_RUNPATH_SEARCH_PATHS = (
					"$(inherited)",
					"@executable_path/Frameworks",
				);
				MARKETING_VERSION = 1.0;
				PRODUCT_BUNDLE_IDENTIFIER = com.example.whereToWatch;
				PRODUCT_NAME = "$(TARGET_NAME)";
				SUPPORTED_PLATFORMS = "iphoneos iphonesimulator";
				SUPPORTS_MACCATALYST = NO;
				SUPPORTS_MAC_DESIGNED_FOR_IPHONE_IPAD = YES;
				SWIFT_EMIT_LOC_STRINGS = YES;
				SWIFT_VERSION = 5.0;
				TARGETED_DEVICE_FAMILY = 1;
			};
			name = Debug;
		};
		EB8B052D2A12475F00C1BC37 /* Release */ = {
			isa = XCBuildConfiguration;
			buildSettings = {
				ASSETCATALOG_COMPILER_APPICON_NAME = AppIcon;
				ASSETCATALOG_COMPILER_GLOBAL_ACCENT_COLOR_NAME = AccentColor;
				ASSETCATALOG_COMPILER_INCLUDE_ALL_APPICON_ASSETS = NO;
				CODE_SIGN_STYLE = Automatic;
				CURRENT_PROJECT_VERSION = 1;
				DEVELOPMENT_TEAM = Q76RZAC2A2;
				GENERATE_INFOPLIST_FILE = YES;
				INFOPLIST_FILE = WhereToWatch/Info.plist;
				INFOPLIST_KEY_CFBundleDisplayName = "Where To Watch";
				INFOPLIST_KEY_LSApplicationCategoryType = "public.app-category.entertainment";
				INFOPLIST_KEY_UIApplicationSupportsIndirectInputEvents = YES;
				INFOPLIST_KEY_UILaunchStoryboardName = LaunchScreen.storyboard;
				INFOPLIST_KEY_UIMainStoryboardFile = "";
				INFOPLIST_KEY_UISupportedInterfaceOrientations = UIInterfaceOrientationPortrait;
				INFOPLIST_KEY_UISupportedInterfaceOrientations_iPad = "UIInterfaceOrientationLandscapeLeft UIInterfaceOrientationLandscapeRight UIInterfaceOrientationPortrait UIInterfaceOrientationPortraitUpsideDown";
				IPHONEOS_DEPLOYMENT_TARGET = 16.0;
				LD_RUNPATH_SEARCH_PATHS = (
					"$(inherited)",
					"@executable_path/Frameworks",
				);
				MARKETING_VERSION = 1.0;
				PRODUCT_BUNDLE_IDENTIFIER = com.example.whereToWatch;
				PRODUCT_NAME = "$(TARGET_NAME)";
				SUPPORTED_PLATFORMS = "iphoneos iphonesimulator";
				SUPPORTS_MACCATALYST = NO;
				SUPPORTS_MAC_DESIGNED_FOR_IPHONE_IPAD = YES;
				SWIFT_EMIT_LOC_STRINGS = YES;
				SWIFT_VERSION = 5.0;
				TARGETED_DEVICE_FAMILY = 1;
			};
			name = Release;
		};
/* End XCBuildConfiguration section */

/* Begin XCConfigurationList section */
		EB3B83232A14B79D00617CEA /* Build configuration list for PBXNativeTarget "WhereToWatchTests" */ = {
			isa = XCConfigurationList;
			buildConfigurations = (
				EB3B83242A14B79D00617CEA /* Debug */,
				EB3B83252A14B79D00617CEA /* Release */,
			);
			defaultConfigurationIsVisible = 0;
			defaultConfigurationName = Release;
		};
		EB8B04FC2A12475E00C1BC37 /* Build configuration list for PBXProject "WhereToWatch" */ = {
			isa = XCConfigurationList;
			buildConfigurations = (
				EB8B05292A12475F00C1BC37 /* Debug */,
				EB8B052A2A12475F00C1BC37 /* Release */,
			);
			defaultConfigurationIsVisible = 0;
			defaultConfigurationName = Release;
		};
		EB8B052B2A12475F00C1BC37 /* Build configuration list for PBXNativeTarget "WhereToWatch" */ = {
			isa = XCConfigurationList;
			buildConfigurations = (
				EB8B052C2A12475F00C1BC37 /* Debug */,
				EB8B052D2A12475F00C1BC37 /* Release */,
			);
			defaultConfigurationIsVisible = 0;
			defaultConfigurationName = Release;
		};
/* End XCConfigurationList section */

/* Begin XCSwiftPackageProductDependency section */
		EBE838022A25EF7100DCBA85 /* MovieDatabaseAPI */ = {
			isa = XCSwiftPackageProductDependency;
			productName = MovieDatabaseAPI;
		};
/* End XCSwiftPackageProductDependency section */
	};
	rootObject = EB8B04F92A12475E00C1BC37 /* Project object */;
}
