// !$*UTF8*$!
{
	archiveVersion = 1;
	classes = {
	};
	objectVersion = 56;
	objects = {

/* Begin PBXBuildFile section */
		EB0A74B62A1B3DEB007FB254 /* SearchListViewModel.swift in Sources */ = {isa = PBXBuildFile; fileRef = EB0A74B52A1B3DEB007FB254 /* SearchListViewModel.swift */; };
		EB0A74B82A1B8A1F007FB254 /* MediaDetailViewModel.swift in Sources */ = {isa = PBXBuildFile; fileRef = EB0A74B72A1B8A1F007FB254 /* MediaDetailViewModel.swift */; };
		EB0A74BA2A1B9731007FB254 /* Media.swift in Sources */ = {isa = PBXBuildFile; fileRef = EB0A74B92A1B9731007FB254 /* Media.swift */; };
		EB3B83202A14B79D00617CEA /* JSONDecodingTests.swift in Sources */ = {isa = PBXBuildFile; fileRef = EB3B831F2A14B79D00617CEA /* JSONDecodingTests.swift */; };
		EB3B83272A14B7C600617CEA /* TestData.swift in Sources */ = {isa = PBXBuildFile; fileRef = EB3B83262A14B7C600617CEA /* TestData.swift */; };
		EB5064A22A16053300690730 /* Secrets.swift in Sources */ = {isa = PBXBuildFile; fileRef = EB5064A12A16053300690730 /* Secrets.swift */; };
		EB5064A42A160AC500690730 /* MovieDatabaseURL.swift in Sources */ = {isa = PBXBuildFile; fileRef = EB5064A32A160AC500690730 /* MovieDatabaseURL.swift */; };
		EB5064A62A16346B00690730 /* MovieDatabaseAPIClient.swift in Sources */ = {isa = PBXBuildFile; fileRef = EB5064A52A16346B00690730 /* MovieDatabaseAPIClient.swift */; };
		EB5064A82A1634DD00690730 /* URLSessionProtocol.swift in Sources */ = {isa = PBXBuildFile; fileRef = EB5064A72A1634DD00690730 /* URLSessionProtocol.swift */; };
		EB5064AB2A16365600690730 /* WhereCanISeeThisError.swift in Sources */ = {isa = PBXBuildFile; fileRef = EB5064AA2A16365600690730 /* WhereCanISeeThisError.swift */; };
		EB5064AE2A16385600690730 /* Localizable.strings in Resources */ = {isa = PBXBuildFile; fileRef = EB5064B02A16385600690730 /* Localizable.strings */; };
		EB8B05052A12475E00C1BC37 /* AppDelegate.swift in Sources */ = {isa = PBXBuildFile; fileRef = EB8B05042A12475E00C1BC37 /* AppDelegate.swift */; };
		EB8B05072A12475E00C1BC37 /* SceneDelegate.swift in Sources */ = {isa = PBXBuildFile; fileRef = EB8B05062A12475E00C1BC37 /* SceneDelegate.swift */; };
		EB8B05092A12475E00C1BC37 /* ViewController.swift in Sources */ = {isa = PBXBuildFile; fileRef = EB8B05082A12475E00C1BC37 /* ViewController.swift */; };
		EB8B050C2A12475E00C1BC37 /* Main.storyboard in Resources */ = {isa = PBXBuildFile; fileRef = EB8B050A2A12475E00C1BC37 /* Main.storyboard */; };
		EB8B050E2A12475F00C1BC37 /* Assets.xcassets in Resources */ = {isa = PBXBuildFile; fileRef = EB8B050D2A12475F00C1BC37 /* Assets.xcassets */; };
		EB8B05112A12475F00C1BC37 /* LaunchScreen.storyboard in Resources */ = {isa = PBXBuildFile; fileRef = EB8B050F2A12475F00C1BC37 /* LaunchScreen.storyboard */; };
		EBA1351F2A174071004755E7 /* MockURLSession.swift in Sources */ = {isa = PBXBuildFile; fileRef = EBA1351E2A174071004755E7 /* MockURLSession.swift */; };
		EBA135212A17558E004755E7 /* MovieDatabaseAPIClientTests.swift in Sources */ = {isa = PBXBuildFile; fileRef = EBA135202A17558E004755E7 /* MovieDatabaseAPIClientTests.swift */; };
		EBE2E2052A13831900373E75 /* Movie.swift in Sources */ = {isa = PBXBuildFile; fileRef = EBE2E2042A13831900373E75 /* Movie.swift */; };
		EBE2E2072A139B3D00373E75 /* TVShow.swift in Sources */ = {isa = PBXBuildFile; fileRef = EBE2E2062A139B3D00373E75 /* TVShow.swift */; };
		EBE2E2092A139FCE00373E75 /* Page.swift in Sources */ = {isa = PBXBuildFile; fileRef = EBE2E2082A139FCE00373E75 /* Page.swift */; };
		EBE2E20B2A149DC600373E75 /* WatchProvider.swift in Sources */ = {isa = PBXBuildFile; fileRef = EBE2E20A2A149DC600373E75 /* WatchProvider.swift */; };
		EBE2E20D2A14A2D200373E75 /* Genre.swift in Sources */ = {isa = PBXBuildFile; fileRef = EBE2E20C2A14A2D200373E75 /* Genre.swift */; };
		EBE2E20F2A14A38D00373E75 /* GenreList.swift in Sources */ = {isa = PBXBuildFile; fileRef = EBE2E20E2A14A38D00373E75 /* GenreList.swift */; };
		EBE2E2112A14A9E300373E75 /* WatchProviderResult.swift in Sources */ = {isa = PBXBuildFile; fileRef = EBE2E2102A14A9E300373E75 /* WatchProviderResult.swift */; };
		EBE2E2132A14A9EA00373E75 /* WatchProviderList.swift in Sources */ = {isa = PBXBuildFile; fileRef = EBE2E2122A14A9EA00373E75 /* WatchProviderList.swift */; };
		EBE2E2152A14AFC500373E75 /* JSONDecoder.swift in Sources */ = {isa = PBXBuildFile; fileRef = EBE2E2142A14AFC500373E75 /* JSONDecoder.swift */; };
/* End PBXBuildFile section */

/* Begin PBXContainerItemProxy section */
		EB3B83212A14B79D00617CEA /* PBXContainerItemProxy */ = {
			isa = PBXContainerItemProxy;
			containerPortal = EB8B04F92A12475E00C1BC37 /* Project object */;
			proxyType = 1;
			remoteGlobalIDString = EB8B05002A12475E00C1BC37;
			remoteInfo = WhereCanISeeThis;
		};
/* End PBXContainerItemProxy section */

/* Begin PBXFileReference section */
		EB0A74B52A1B3DEB007FB254 /* SearchListViewModel.swift */ = {isa = PBXFileReference; lastKnownFileType = sourcecode.swift; path = SearchListViewModel.swift; sourceTree = "<group>"; };
		EB0A74B72A1B8A1F007FB254 /* MediaDetailViewModel.swift */ = {isa = PBXFileReference; lastKnownFileType = sourcecode.swift; path = MediaDetailViewModel.swift; sourceTree = "<group>"; };
		EB0A74B92A1B9731007FB254 /* Media.swift */ = {isa = PBXFileReference; lastKnownFileType = sourcecode.swift; path = Media.swift; sourceTree = "<group>"; };
		EB3B831D2A14B79D00617CEA /* WhereCanISeeThisTests.xctest */ = {isa = PBXFileReference; explicitFileType = wrapper.cfbundle; includeInIndex = 0; path = WhereCanISeeThisTests.xctest; sourceTree = BUILT_PRODUCTS_DIR; };
		EB3B831F2A14B79D00617CEA /* JSONDecodingTests.swift */ = {isa = PBXFileReference; lastKnownFileType = sourcecode.swift; path = JSONDecodingTests.swift; sourceTree = "<group>"; };
		EB3B83262A14B7C600617CEA /* TestData.swift */ = {isa = PBXFileReference; lastKnownFileType = sourcecode.swift; path = TestData.swift; sourceTree = "<group>"; };
		EB5064A12A16053300690730 /* Secrets.swift */ = {isa = PBXFileReference; lastKnownFileType = sourcecode.swift; path = Secrets.swift; sourceTree = "<group>"; };
		EB5064A32A160AC500690730 /* MovieDatabaseURL.swift */ = {isa = PBXFileReference; lastKnownFileType = sourcecode.swift; path = MovieDatabaseURL.swift; sourceTree = "<group>"; };
		EB5064A52A16346B00690730 /* MovieDatabaseAPIClient.swift */ = {isa = PBXFileReference; lastKnownFileType = sourcecode.swift; path = MovieDatabaseAPIClient.swift; sourceTree = "<group>"; };
		EB5064A72A1634DD00690730 /* URLSessionProtocol.swift */ = {isa = PBXFileReference; lastKnownFileType = sourcecode.swift; path = URLSessionProtocol.swift; sourceTree = "<group>"; };
		EB5064AA2A16365600690730 /* WhereCanISeeThisError.swift */ = {isa = PBXFileReference; lastKnownFileType = sourcecode.swift; path = WhereCanISeeThisError.swift; sourceTree = "<group>"; };
		EB5064AF2A16385600690730 /* en */ = {isa = PBXFileReference; lastKnownFileType = text.plist.strings; name = en; path = en.lproj/Localizable.strings; sourceTree = "<group>"; };
		EB5064B12A16385900690730 /* ko */ = {isa = PBXFileReference; lastKnownFileType = text.plist.strings; name = ko; path = ko.lproj/Localizable.strings; sourceTree = "<group>"; };
		EB8B05012A12475E00C1BC37 /* WhereCanISeeThis.app */ = {isa = PBXFileReference; explicitFileType = wrapper.application; includeInIndex = 0; path = WhereCanISeeThis.app; sourceTree = BUILT_PRODUCTS_DIR; };
		EB8B05042A12475E00C1BC37 /* AppDelegate.swift */ = {isa = PBXFileReference; lastKnownFileType = sourcecode.swift; path = AppDelegate.swift; sourceTree = "<group>"; };
		EB8B05062A12475E00C1BC37 /* SceneDelegate.swift */ = {isa = PBXFileReference; lastKnownFileType = sourcecode.swift; path = SceneDelegate.swift; sourceTree = "<group>"; };
		EB8B05082A12475E00C1BC37 /* ViewController.swift */ = {isa = PBXFileReference; lastKnownFileType = sourcecode.swift; path = ViewController.swift; sourceTree = "<group>"; };
		EB8B050B2A12475E00C1BC37 /* Base */ = {isa = PBXFileReference; lastKnownFileType = file.storyboard; name = Base; path = Base.lproj/Main.storyboard; sourceTree = "<group>"; };
		EB8B050D2A12475F00C1BC37 /* Assets.xcassets */ = {isa = PBXFileReference; lastKnownFileType = folder.assetcatalog; path = Assets.xcassets; sourceTree = "<group>"; };
		EB8B05102A12475F00C1BC37 /* Base */ = {isa = PBXFileReference; lastKnownFileType = file.storyboard; name = Base; path = Base.lproj/LaunchScreen.storyboard; sourceTree = "<group>"; };
		EB8B05122A12475F00C1BC37 /* Info.plist */ = {isa = PBXFileReference; lastKnownFileType = text.plist.xml; path = Info.plist; sourceTree = "<group>"; };
		EB8B05652A12540D00C1BC37 /* ko */ = {isa = PBXFileReference; lastKnownFileType = text.plist.strings; name = ko; path = ko.lproj/Main.strings; sourceTree = "<group>"; };
		EB8B05662A12540D00C1BC37 /* ko */ = {isa = PBXFileReference; lastKnownFileType = text.plist.strings; name = ko; path = ko.lproj/LaunchScreen.strings; sourceTree = "<group>"; };
		EBA1351E2A174071004755E7 /* MockURLSession.swift */ = {isa = PBXFileReference; lastKnownFileType = sourcecode.swift; path = MockURLSession.swift; sourceTree = "<group>"; };
		EBA135202A17558E004755E7 /* MovieDatabaseAPIClientTests.swift */ = {isa = PBXFileReference; lastKnownFileType = sourcecode.swift; path = MovieDatabaseAPIClientTests.swift; sourceTree = "<group>"; };
		EBA775A02A1CBA9000C5E685 /* WhereCanISeeThis.xctestplan */ = {isa = PBXFileReference; lastKnownFileType = text; path = WhereCanISeeThis.xctestplan; sourceTree = "<group>"; };
		EBE2E2042A13831900373E75 /* Movie.swift */ = {isa = PBXFileReference; lastKnownFileType = sourcecode.swift; path = Movie.swift; sourceTree = "<group>"; };
		EBE2E2062A139B3D00373E75 /* TVShow.swift */ = {isa = PBXFileReference; lastKnownFileType = sourcecode.swift; path = TVShow.swift; sourceTree = "<group>"; };
		EBE2E2082A139FCE00373E75 /* Page.swift */ = {isa = PBXFileReference; lastKnownFileType = sourcecode.swift; path = Page.swift; sourceTree = "<group>"; };
		EBE2E20A2A149DC600373E75 /* WatchProvider.swift */ = {isa = PBXFileReference; lastKnownFileType = sourcecode.swift; path = WatchProvider.swift; sourceTree = "<group>"; };
		EBE2E20C2A14A2D200373E75 /* Genre.swift */ = {isa = PBXFileReference; lastKnownFileType = sourcecode.swift; path = Genre.swift; sourceTree = "<group>"; };
		EBE2E20E2A14A38D00373E75 /* GenreList.swift */ = {isa = PBXFileReference; lastKnownFileType = sourcecode.swift; path = GenreList.swift; sourceTree = "<group>"; };
		EBE2E2102A14A9E300373E75 /* WatchProviderResult.swift */ = {isa = PBXFileReference; lastKnownFileType = sourcecode.swift; path = WatchProviderResult.swift; sourceTree = "<group>"; };
		EBE2E2122A14A9EA00373E75 /* WatchProviderList.swift */ = {isa = PBXFileReference; lastKnownFileType = sourcecode.swift; path = WatchProviderList.swift; sourceTree = "<group>"; };
		EBE2E2142A14AFC500373E75 /* JSONDecoder.swift */ = {isa = PBXFileReference; lastKnownFileType = sourcecode.swift; path = JSONDecoder.swift; sourceTree = "<group>"; };
/* End PBXFileReference section */

/* Begin PBXFrameworksBuildPhase section */
		EB3B831A2A14B79D00617CEA /* Frameworks */ = {
			isa = PBXFrameworksBuildPhase;
			buildActionMask = 2147483647;
			files = (
			);
			runOnlyForDeploymentPostprocessing = 0;
		};
		EB8B04FE2A12475E00C1BC37 /* Frameworks */ = {
			isa = PBXFrameworksBuildPhase;
			buildActionMask = 2147483647;
			files = (
			);
			runOnlyForDeploymentPostprocessing = 0;
		};
/* End PBXFrameworksBuildPhase section */

/* Begin PBXGroup section */
		EB3B831E2A14B79D00617CEA /* WhereCanISeeThisTests */ = {
			isa = PBXGroup;
			children = (
				EBA1351E2A174071004755E7 /* MockURLSession.swift */,
				EB3B83262A14B7C600617CEA /* TestData.swift */,
				EBA135222A1755A3004755E7 /* Tests */,
				EBA775A02A1CBA9000C5E685 /* WhereCanISeeThis.xctestplan */,
			);
			path = WhereCanISeeThisTests;
			sourceTree = "<group>";
		};
		EB5064A02A16051E00690730 /* MovieDatabaseAPI */ = {
			isa = PBXGroup;
			children = (
				EB5064A52A16346B00690730 /* MovieDatabaseAPIClient.swift */,
				EB5064A32A160AC500690730 /* MovieDatabaseURL.swift */,
				EB5064A12A16053300690730 /* Secrets.swift */,
			);
			path = MovieDatabaseAPI;
			sourceTree = "<group>";
		};
		EB5064A92A16361F00690730 /* Errors */ = {
			isa = PBXGroup;
			children = (
				EB5064AA2A16365600690730 /* WhereCanISeeThisError.swift */,
			);
			path = Errors;
			sourceTree = "<group>";
		};
		EB8B04F82A12475E00C1BC37 = {
			isa = PBXGroup;
			children = (
				EB8B05032A12475E00C1BC37 /* WhereCanISeeThis */,
				EB3B831E2A14B79D00617CEA /* WhereCanISeeThisTests */,
				EB8B05022A12475E00C1BC37 /* Products */,
			);
			sourceTree = "<group>";
		};
		EB8B05022A12475E00C1BC37 /* Products */ = {
			isa = PBXGroup;
			children = (
				EB8B05012A12475E00C1BC37 /* WhereCanISeeThis.app */,
				EB3B831D2A14B79D00617CEA /* WhereCanISeeThisTests.xctest */,
			);
			name = Products;
			sourceTree = "<group>";
		};
		EB8B05032A12475E00C1BC37 /* WhereCanISeeThis */ = {
			isa = PBXGroup;
			children = (
				EB8B05122A12475F00C1BC37 /* Info.plist */,
				EBE2E1FC2A13809D00373E75 /* Resources */,
				EBE2E1FA2A137F9500373E75 /* Sources */,
			);
			path = WhereCanISeeThis;
			sourceTree = "<group>";
		};
		EBA135222A1755A3004755E7 /* Tests */ = {
			isa = PBXGroup;
			children = (
				EB3B831F2A14B79D00617CEA /* JSONDecodingTests.swift */,
				EBA135202A17558E004755E7 /* MovieDatabaseAPIClientTests.swift */,
			);
			path = Tests;
			sourceTree = "<group>";
		};
		EBE2E1FA2A137F9500373E75 /* Sources */ = {
			isa = PBXGroup;
			children = (
				EBE2E1FB2A137FAB00373E75 /* AppLifeCycle */,
				EBE2E2002A13812600373E75 /* Extensions */,
				EBE2E1FD2A1380B500373E75 /* Models */,
				EBE2E2012A13812E00373E75 /* Networking */,
				EBE2E2022A13813A00373E75 /* Utilites */,
				EBE2E1FF2A1380C800373E75 /* ViewModels */,
				EBE2E1FE2A1380BE00373E75 /* Views */,
			);
			path = Sources;
			sourceTree = "<group>";
		};
		EBE2E1FB2A137FAB00373E75 /* AppLifeCycle */ = {
			isa = PBXGroup;
			children = (
				EB8B05042A12475E00C1BC37 /* AppDelegate.swift */,
				EB8B05062A12475E00C1BC37 /* SceneDelegate.swift */,
			);
			path = AppLifeCycle;
			sourceTree = "<group>";
		};
		EBE2E1FC2A13809D00373E75 /* Resources */ = {
			isa = PBXGroup;
			children = (
				EB8B050A2A12475E00C1BC37 /* Main.storyboard */,
				EB8B050D2A12475F00C1BC37 /* Assets.xcassets */,
				EB8B050F2A12475F00C1BC37 /* LaunchScreen.storyboard */,
				EB5064B02A16385600690730 /* Localizable.strings */,
			);
			path = Resources;
			sourceTree = "<group>";
		};
		EBE2E1FD2A1380B500373E75 /* Models */ = {
			isa = PBXGroup;
			children = (
				EB5064A92A16361F00690730 /* Errors */,
				EBE2E2032A13830000373E75 /* DataModels */,
			);
			path = Models;
			sourceTree = "<group>";
		};
		EBE2E1FE2A1380BE00373E75 /* Views */ = {
			isa = PBXGroup;
			children = (
				EB8B05082A12475E00C1BC37 /* ViewController.swift */,
			);
			path = Views;
			sourceTree = "<group>";
		};
		EBE2E1FF2A1380C800373E75 /* ViewModels */ = {
			isa = PBXGroup;
			children = (
				EB0A74B52A1B3DEB007FB254 /* SearchListViewModel.swift */,
				EB0A74B72A1B8A1F007FB254 /* MediaDetailViewModel.swift */,
			);
			path = ViewModels;
			sourceTree = "<group>";
		};
		EBE2E2002A13812600373E75 /* Extensions */ = {
			isa = PBXGroup;
			children = (
				EBE2E2142A14AFC500373E75 /* JSONDecoder.swift */,
			);
			path = Extensions;
			sourceTree = "<group>";
		};
		EBE2E2012A13812E00373E75 /* Networking */ = {
			isa = PBXGroup;
			children = (
				EB5064A02A16051E00690730 /* MovieDatabaseAPI */,
				EB5064A72A1634DD00690730 /* URLSessionProtocol.swift */,
			);
			path = Networking;
			sourceTree = "<group>";
		};
		EBE2E2022A13813A00373E75 /* Utilites */ = {
			isa = PBXGroup;
			children = (
			);
			path = Utilites;
			sourceTree = "<group>";
		};
		EBE2E2032A13830000373E75 /* DataModels */ = {
			isa = PBXGroup;
			children = (
				EBE2E20C2A14A2D200373E75 /* Genre.swift */,
				EBE2E20E2A14A38D00373E75 /* GenreList.swift */,
				EB0A74B92A1B9731007FB254 /* Media.swift */,
				EBE2E2042A13831900373E75 /* Movie.swift */,
				EBE2E2082A139FCE00373E75 /* Page.swift */,
				EBE2E2062A139B3D00373E75 /* TVShow.swift */,
				EBE2E20A2A149DC600373E75 /* WatchProvider.swift */,
				EBE2E2122A14A9EA00373E75 /* WatchProviderList.swift */,
				EBE2E2102A14A9E300373E75 /* WatchProviderResult.swift */,
			);
			path = DataModels;
			sourceTree = "<group>";
		};
/* End PBXGroup section */

/* Begin PBXNativeTarget section */
		EB3B831C2A14B79D00617CEA /* WhereCanISeeThisTests */ = {
			isa = PBXNativeTarget;
			buildConfigurationList = EB3B83232A14B79D00617CEA /* Build configuration list for PBXNativeTarget "WhereCanISeeThisTests" */;
			buildPhases = (
				EB3B83192A14B79D00617CEA /* Sources */,
				EB3B831A2A14B79D00617CEA /* Frameworks */,
				EB3B831B2A14B79D00617CEA /* Resources */,
			);
			buildRules = (
			);
			dependencies = (
				EB3B83222A14B79D00617CEA /* PBXTargetDependency */,
			);
			name = WhereCanISeeThisTests;
			productName = WhereCanISeeThisTests;
			productReference = EB3B831D2A14B79D00617CEA /* WhereCanISeeThisTests.xctest */;
			productType = "com.apple.product-type.bundle.unit-test";
		};
		EB8B05002A12475E00C1BC37 /* WhereCanISeeThis */ = {
			isa = PBXNativeTarget;
			buildConfigurationList = EB8B052B2A12475F00C1BC37 /* Build configuration list for PBXNativeTarget "WhereCanISeeThis" */;
			buildPhases = (
				EB8B04FD2A12475E00C1BC37 /* Sources */,
				EB8B04FE2A12475E00C1BC37 /* Frameworks */,
				EB8B04FF2A12475E00C1BC37 /* Resources */,
				EB8B05682A1256AF00C1BC37 /* SwiftLint */,
			);
			buildRules = (
			);
			dependencies = (
			);
			name = WhereCanISeeThis;
			productName = WhereCanISeeThis;
			productReference = EB8B05012A12475E00C1BC37 /* WhereCanISeeThis.app */;
			productType = "com.apple.product-type.application";
		};
/* End PBXNativeTarget section */

/* Begin PBXProject section */
		EB8B04F92A12475E00C1BC37 /* Project object */ = {
			isa = PBXProject;
			attributes = {
				BuildIndependentTargetsInParallel = 1;
				LastSwiftUpdateCheck = 1430;
				LastUpgradeCheck = 1430;
				TargetAttributes = {
					EB3B831C2A14B79D00617CEA = {
						CreatedOnToolsVersion = 14.3;
						TestTargetID = EB8B05002A12475E00C1BC37;
					};
					EB8B05002A12475E00C1BC37 = {
						CreatedOnToolsVersion = 14.3;
					};
				};
			};
			buildConfigurationList = EB8B04FC2A12475E00C1BC37 /* Build configuration list for PBXProject "WhereCanISeeThis" */;
			compatibilityVersion = "Xcode 14.0";
			developmentRegion = en;
			hasScannedForEncodings = 0;
			knownRegions = (
				en,
				Base,
				ko,
			);
			mainGroup = EB8B04F82A12475E00C1BC37;
			productRefGroup = EB8B05022A12475E00C1BC37 /* Products */;
			projectDirPath = "";
			projectRoot = "";
			targets = (
				EB8B05002A12475E00C1BC37 /* WhereCanISeeThis */,
				EB3B831C2A14B79D00617CEA /* WhereCanISeeThisTests */,
			);
		};
/* End PBXProject section */

/* Begin PBXResourcesBuildPhase section */
		EB3B831B2A14B79D00617CEA /* Resources */ = {
			isa = PBXResourcesBuildPhase;
			buildActionMask = 2147483647;
			files = (
			);
			runOnlyForDeploymentPostprocessing = 0;
		};
		EB8B04FF2A12475E00C1BC37 /* Resources */ = {
			isa = PBXResourcesBuildPhase;
			buildActionMask = 2147483647;
			files = (
				EB8B05112A12475F00C1BC37 /* LaunchScreen.storyboard in Resources */,
				EB5064AE2A16385600690730 /* Localizable.strings in Resources */,
				EB8B050E2A12475F00C1BC37 /* Assets.xcassets in Resources */,
				EB8B050C2A12475E00C1BC37 /* Main.storyboard in Resources */,
			);
			runOnlyForDeploymentPostprocessing = 0;
		};
/* End PBXResourcesBuildPhase section */

/* Begin PBXShellScriptBuildPhase section */
		EB8B05682A1256AF00C1BC37 /* SwiftLint */ = {
			isa = PBXShellScriptBuildPhase;
			alwaysOutOfDate = 1;
			buildActionMask = 2147483647;
			files = (
			);
			inputFileListPaths = (
			);
			inputPaths = (
			);
			name = SwiftLint;
			outputFileListPaths = (
			);
			outputPaths = (
			);
			runOnlyForDeploymentPostprocessing = 0;
			shellPath = /bin/sh;
			shellScript = "if [[ \"$(uname -m)\" == arm64 ]]; then\n    export PATH=\"/opt/homebrew/bin:$PATH\"\nfi\n\nif which swiftlint > /dev/null; then\n  swiftlint\nelse\n  echo \"warning: SwiftLint not installed, download from https://github.com/realm/SwiftLint\"\nfi\n";
		};
/* End PBXShellScriptBuildPhase section */

/* Begin PBXSourcesBuildPhase section */
		EB3B83192A14B79D00617CEA /* Sources */ = {
			isa = PBXSourcesBuildPhase;
			buildActionMask = 2147483647;
			files = (
				EBA1351F2A174071004755E7 /* MockURLSession.swift in Sources */,
				EB3B83202A14B79D00617CEA /* JSONDecodingTests.swift in Sources */,
				EB3B83272A14B7C600617CEA /* TestData.swift in Sources */,
				EBA135212A17558E004755E7 /* MovieDatabaseAPIClientTests.swift in Sources */,
			);
			runOnlyForDeploymentPostprocessing = 0;
		};
		EB8B04FD2A12475E00C1BC37 /* Sources */ = {
			isa = PBXSourcesBuildPhase;
			buildActionMask = 2147483647;
			files = (
				EBE2E2152A14AFC500373E75 /* JSONDecoder.swift in Sources */,
				EB8B05092A12475E00C1BC37 /* ViewController.swift in Sources */,
				EBE2E2112A14A9E300373E75 /* WatchProviderResult.swift in Sources */,
				EB8B05052A12475E00C1BC37 /* AppDelegate.swift in Sources */,
				EBE2E2092A139FCE00373E75 /* Page.swift in Sources */,
				EBE2E20F2A14A38D00373E75 /* GenreList.swift in Sources */,
				EBE2E2052A13831900373E75 /* Movie.swift in Sources */,
				EB0A74B82A1B8A1F007FB254 /* MediaDetailViewModel.swift in Sources */,
				EB5064A42A160AC500690730 /* MovieDatabaseURL.swift in Sources */,
				EBE2E20B2A149DC600373E75 /* WatchProvider.swift in Sources */,
				EB5064A62A16346B00690730 /* MovieDatabaseAPIClient.swift in Sources */,
				EBE2E2072A139B3D00373E75 /* TVShow.swift in Sources */,
				EB5064AB2A16365600690730 /* WhereCanISeeThisError.swift in Sources */,
				EBE2E2132A14A9EA00373E75 /* WatchProviderList.swift in Sources */,
				EB0A74BA2A1B9731007FB254 /* Media.swift in Sources */,
				EB5064A82A1634DD00690730 /* URLSessionProtocol.swift in Sources */,
				EB0A74B62A1B3DEB007FB254 /* SearchListViewModel.swift in Sources */,
				EB8B05072A12475E00C1BC37 /* SceneDelegate.swift in Sources */,
				EB5064A22A16053300690730 /* Secrets.swift in Sources */,
				EBE2E20D2A14A2D200373E75 /* Genre.swift in Sources */,
			);
			runOnlyForDeploymentPostprocessing = 0;
		};
/* End PBXSourcesBuildPhase section */

/* Begin PBXTargetDependency section */
		EB3B83222A14B79D00617CEA /* PBXTargetDependency */ = {
			isa = PBXTargetDependency;
			target = EB8B05002A12475E00C1BC37 /* WhereCanISeeThis */;
			targetProxy = EB3B83212A14B79D00617CEA /* PBXContainerItemProxy */;
		};
/* End PBXTargetDependency section */

/* Begin PBXVariantGroup section */
		EB5064B02A16385600690730 /* Localizable.strings */ = {
			isa = PBXVariantGroup;
			children = (
				EB5064AF2A16385600690730 /* en */,
				EB5064B12A16385900690730 /* ko */,
			);
			name = Localizable.strings;
			sourceTree = "<group>";
		};
		EB8B050A2A12475E00C1BC37 /* Main.storyboard */ = {
			isa = PBXVariantGroup;
			children = (
				EB8B050B2A12475E00C1BC37 /* Base */,
				EB8B05652A12540D00C1BC37 /* ko */,
			);
			name = Main.storyboard;
			sourceTree = "<group>";
		};
		EB8B050F2A12475F00C1BC37 /* LaunchScreen.storyboard */ = {
			isa = PBXVariantGroup;
			children = (
				EB8B05102A12475F00C1BC37 /* Base */,
				EB8B05662A12540D00C1BC37 /* ko */,
			);
			name = LaunchScreen.storyboard;
			sourceTree = "<group>";
		};
/* End PBXVariantGroup section */

/* Begin XCBuildConfiguration section */
		EB3B83242A14B79D00617CEA /* Debug */ = {
			isa = XCBuildConfiguration;
			buildSettings = {
				BUNDLE_LOADER = "$(TEST_HOST)";
				CODE_SIGN_STYLE = Automatic;
				CURRENT_PROJECT_VERSION = 1;
				DEVELOPMENT_TEAM = Q76RZAC2A2;
				GENERATE_INFOPLIST_FILE = YES;
				IPHONEOS_DEPLOYMENT_TARGET = 16.4;
				MARKETING_VERSION = 1.0;
				PRODUCT_BUNDLE_IDENTIFIER = com.example.whereCanISeeThis.WhereCanISeeThisTests;
				PRODUCT_NAME = "$(TARGET_NAME)";
				SWIFT_EMIT_LOC_STRINGS = NO;
				SWIFT_VERSION = 5.0;
				TARGETED_DEVICE_FAMILY = "1,2";
				TEST_HOST = "$(BUILT_PRODUCTS_DIR)/WhereCanISeeThis.app/$(BUNDLE_EXECUTABLE_FOLDER_PATH)/WhereCanISeeThis";
			};
			name = Debug;
		};
		EB3B83252A14B79D00617CEA /* Release */ = {
			isa = XCBuildConfiguration;
			buildSettings = {
				BUNDLE_LOADER = "$(TEST_HOST)";
				CODE_SIGN_STYLE = Automatic;
				CURRENT_PROJECT_VERSION = 1;
				DEVELOPMENT_TEAM = Q76RZAC2A2;
				GENERATE_INFOPLIST_FILE = YES;
				IPHONEOS_DEPLOYMENT_TARGET = 16.4;
				MARKETING_VERSION = 1.0;
				PRODUCT_BUNDLE_IDENTIFIER = com.example.whereCanISeeThis.WhereCanISeeThisTests;
				PRODUCT_NAME = "$(TARGET_NAME)";
				SWIFT_EMIT_LOC_STRINGS = NO;
				SWIFT_VERSION = 5.0;
				TARGETED_DEVICE_FAMILY = "1,2";
				TEST_HOST = "$(BUILT_PRODUCTS_DIR)/WhereCanISeeThis.app/$(BUNDLE_EXECUTABLE_FOLDER_PATH)/WhereCanISeeThis";
			};
			name = Release;
		};
		EB8B05292A12475F00C1BC37 /* Debug */ = {
			isa = XCBuildConfiguration;
			buildSettings = {
				ALWAYS_SEARCH_USER_PATHS = NO;
				CLANG_ANALYZER_LOCALIZABILITY_NONLOCALIZED = YES;
				CLANG_ANALYZER_NONNULL = YES;
				CLANG_ANALYZER_NUMBER_OBJECT_CONVERSION = YES_AGGRESSIVE;
				CLANG_CXX_LANGUAGE_STANDARD = "gnu++20";
				CLANG_ENABLE_MODULES = YES;
				CLANG_ENABLE_OBJC_ARC = YES;
				CLANG_ENABLE_OBJC_WEAK = YES;
				CLANG_WARN_BLOCK_CAPTURE_AUTORELEASING = YES;
				CLANG_WARN_BOOL_CONVERSION = YES;
				CLANG_WARN_COMMA = YES;
				CLANG_WARN_CONSTANT_CONVERSION = YES;
				CLANG_WARN_DEPRECATED_OBJC_IMPLEMENTATIONS = YES;
				CLANG_WARN_DIRECT_OBJC_ISA_USAGE = YES_ERROR;
				CLANG_WARN_DOCUMENTATION_COMMENTS = YES;
				CLANG_WARN_EMPTY_BODY = YES;
				CLANG_WARN_ENUM_CONVERSION = YES;
				CLANG_WARN_INFINITE_RECURSION = YES;
				CLANG_WARN_INT_CONVERSION = YES;
				CLANG_WARN_NON_LITERAL_NULL_CONVERSION = YES;
				CLANG_WARN_OBJC_IMPLICIT_RETAIN_SELF = YES;
				CLANG_WARN_OBJC_LITERAL_CONVERSION = YES;
				CLANG_WARN_OBJC_ROOT_CLASS = YES_ERROR;
				CLANG_WARN_QUOTED_INCLUDE_IN_FRAMEWORK_HEADER = YES;
				CLANG_WARN_RANGE_LOOP_ANALYSIS = YES;
				CLANG_WARN_STRICT_PROTOTYPES = YES;
				CLANG_WARN_SUSPICIOUS_MOVE = YES;
				CLANG_WARN_UNGUARDED_AVAILABILITY = YES_AGGRESSIVE;
				CLANG_WARN_UNREACHABLE_CODE = YES;
				CLANG_WARN__DUPLICATE_METHOD_MATCH = YES;
				COPY_PHASE_STRIP = NO;
				DEBUG_INFORMATION_FORMAT = dwarf;
				ENABLE_STRICT_OBJC_MSGSEND = YES;
				ENABLE_TESTABILITY = YES;
				GCC_C_LANGUAGE_STANDARD = gnu11;
				GCC_DYNAMIC_NO_PIC = NO;
				GCC_NO_COMMON_BLOCKS = YES;
				GCC_OPTIMIZATION_LEVEL = 0;
				GCC_PREPROCESSOR_DEFINITIONS = (
					"DEBUG=1",
					"$(inherited)",
				);
				GCC_WARN_64_TO_32_BIT_CONVERSION = YES;
				GCC_WARN_ABOUT_RETURN_TYPE = YES_ERROR;
				GCC_WARN_UNDECLARED_SELECTOR = YES;
				GCC_WARN_UNINITIALIZED_AUTOS = YES_AGGRESSIVE;
				GCC_WARN_UNUSED_FUNCTION = YES;
				GCC_WARN_UNUSED_VARIABLE = YES;
				IPHONEOS_DEPLOYMENT_TARGET = 16.0;
				MTL_ENABLE_DEBUG_INFO = INCLUDE_SOURCE;
				MTL_FAST_MATH = YES;
				ONLY_ACTIVE_ARCH = YES;
				SDKROOT = iphoneos;
				SWIFT_ACTIVE_COMPILATION_CONDITIONS = DEBUG;
				SWIFT_OPTIMIZATION_LEVEL = "-Onone";
			};
			name = Debug;
		};
		EB8B052A2A12475F00C1BC37 /* Release */ = {
			isa = XCBuildConfiguration;
			buildSettings = {
				ALWAYS_SEARCH_USER_PATHS = NO;
				CLANG_ANALYZER_LOCALIZABILITY_NONLOCALIZED = YES;
				CLANG_ANALYZER_NONNULL = YES;
				CLANG_ANALYZER_NUMBER_OBJECT_CONVERSION = YES_AGGRESSIVE;
				CLANG_CXX_LANGUAGE_STANDARD = "gnu++20";
				CLANG_ENABLE_MODULES = YES;
				CLANG_ENABLE_OBJC_ARC = YES;
				CLANG_ENABLE_OBJC_WEAK = YES;
				CLANG_WARN_BLOCK_CAPTURE_AUTORELEASING = YES;
				CLANG_WARN_BOOL_CONVERSION = YES;
				CLANG_WARN_COMMA = YES;
				CLANG_WARN_CONSTANT_CONVERSION = YES;
				CLANG_WARN_DEPRECATED_OBJC_IMPLEMENTATIONS = YES;
				CLANG_WARN_DIRECT_OBJC_ISA_USAGE = YES_ERROR;
				CLANG_WARN_DOCUMENTATION_COMMENTS = YES;
				CLANG_WARN_EMPTY_BODY = YES;
				CLANG_WARN_ENUM_CONVERSION = YES;
				CLANG_WARN_INFINITE_RECURSION = YES;
				CLANG_WARN_INT_CONVERSION = YES;
				CLANG_WARN_NON_LITERAL_NULL_CONVERSION = YES;
				CLANG_WARN_OBJC_IMPLICIT_RETAIN_SELF = YES;
				CLANG_WARN_OBJC_LITERAL_CONVERSION = YES;
				CLANG_WARN_OBJC_ROOT_CLASS = YES_ERROR;
				CLANG_WARN_QUOTED_INCLUDE_IN_FRAMEWORK_HEADER = YES;
				CLANG_WARN_RANGE_LOOP_ANALYSIS = YES;
				CLANG_WARN_STRICT_PROTOTYPES = YES;
				CLANG_WARN_SUSPICIOUS_MOVE = YES;
				CLANG_WARN_UNGUARDED_AVAILABILITY = YES_AGGRESSIVE;
				CLANG_WARN_UNREACHABLE_CODE = YES;
				CLANG_WARN__DUPLICATE_METHOD_MATCH = YES;
				COPY_PHASE_STRIP = NO;
				DEBUG_INFORMATION_FORMAT = "dwarf-with-dsym";
				ENABLE_NS_ASSERTIONS = NO;
				ENABLE_STRICT_OBJC_MSGSEND = YES;
				GCC_C_LANGUAGE_STANDARD = gnu11;
				GCC_NO_COMMON_BLOCKS = YES;
				GCC_WARN_64_TO_32_BIT_CONVERSION = YES;
				GCC_WARN_ABOUT_RETURN_TYPE = YES_ERROR;
				GCC_WARN_UNDECLARED_SELECTOR = YES;
				GCC_WARN_UNINITIALIZED_AUTOS = YES_AGGRESSIVE;
				GCC_WARN_UNUSED_FUNCTION = YES;
				GCC_WARN_UNUSED_VARIABLE = YES;
				IPHONEOS_DEPLOYMENT_TARGET = 16.0;
				MTL_ENABLE_DEBUG_INFO = NO;
				MTL_FAST_MATH = YES;
				SDKROOT = iphoneos;
				SWIFT_COMPILATION_MODE = wholemodule;
				SWIFT_OPTIMIZATION_LEVEL = "-O";
				VALIDATE_PRODUCT = YES;
			};
			name = Release;
		};
		EB8B052C2A12475F00C1BC37 /* Debug */ = {
			isa = XCBuildConfiguration;
			buildSettings = {
				ASSETCATALOG_COMPILER_APPICON_NAME = AppIcon;
				ASSETCATALOG_COMPILER_GLOBAL_ACCENT_COLOR_NAME = AccentColor;
				CODE_SIGN_STYLE = Automatic;
				CURRENT_PROJECT_VERSION = 1;
				DEVELOPMENT_TEAM = Q76RZAC2A2;
				GENERATE_INFOPLIST_FILE = YES;
				INFOPLIST_FILE = WhereCanISeeThis/Info.plist;
				INFOPLIST_KEY_LSApplicationCategoryType = "public.app-category.entertainment";
				INFOPLIST_KEY_UIApplicationSupportsIndirectInputEvents = YES;
				INFOPLIST_KEY_UILaunchStoryboardName = LaunchScreen;
				INFOPLIST_KEY_UIMainStoryboardFile = Main;
				INFOPLIST_KEY_UISupportedInterfaceOrientations = UIInterfaceOrientationPortrait;
				INFOPLIST_KEY_UISupportedInterfaceOrientations_iPad = "UIInterfaceOrientationLandscapeLeft UIInterfaceOrientationLandscapeRight UIInterfaceOrientationPortrait UIInterfaceOrientationPortraitUpsideDown";
				IPHONEOS_DEPLOYMENT_TARGET = 16.0;
				LD_RUNPATH_SEARCH_PATHS = (
					"$(inherited)",
					"@executable_path/Frameworks",
				);
				MARKETING_VERSION = 1.0;
				PRODUCT_BUNDLE_IDENTIFIER = com.example.whereCanISeeThis;
				PRODUCT_NAME = "$(TARGET_NAME)";
				SUPPORTED_PLATFORMS = "iphoneos iphonesimulator";
				SUPPORTS_MACCATALYST = NO;
				SUPPORTS_MAC_DESIGNED_FOR_IPHONE_IPAD = YES;
				SWIFT_EMIT_LOC_STRINGS = YES;
				SWIFT_VERSION = 5.0;
				TARGETED_DEVICE_FAMILY = 1;
			};
			name = Debug;
		};
		EB8B052D2A12475F00C1BC37 /* Release */ = {
			isa = XCBuildConfiguration;
			buildSettings = {
				ASSETCATALOG_COMPILER_APPICON_NAME = AppIcon;
				ASSETCATALOG_COMPILER_GLOBAL_ACCENT_COLOR_NAME = AccentColor;
				CODE_SIGN_STYLE = Automatic;
				CURRENT_PROJECT_VERSION = 1;
				DEVELOPMENT_TEAM = Q76RZAC2A2;
				GENERATE_INFOPLIST_FILE = YES;
				INFOPLIST_FILE = WhereCanISeeThis/Info.plist;
				INFOPLIST_KEY_LSApplicationCategoryType = "public.app-category.entertainment";
				INFOPLIST_KEY_UIApplicationSupportsIndirectInputEvents = YES;
				INFOPLIST_KEY_UILaunchStoryboardName = LaunchScreen;
				INFOPLIST_KEY_UIMainStoryboardFile = Main;
				INFOPLIST_KEY_UISupportedInterfaceOrientations = UIInterfaceOrientationPortrait;
				INFOPLIST_KEY_UISupportedInterfaceOrientations_iPad = "UIInterfaceOrientationLandscapeLeft UIInterfaceOrientationLandscapeRight UIInterfaceOrientationPortrait UIInterfaceOrientationPortraitUpsideDown";
				IPHONEOS_DEPLOYMENT_TARGET = 16.0;
				LD_RUNPATH_SEARCH_PATHS = (
					"$(inherited)",
					"@executable_path/Frameworks",
				);
				MARKETING_VERSION = 1.0;
				PRODUCT_BUNDLE_IDENTIFIER = com.example.whereCanISeeThis;
				PRODUCT_NAME = "$(TARGET_NAME)";
				SUPPORTED_PLATFORMS = "iphoneos iphonesimulator";
				SUPPORTS_MACCATALYST = NO;
				SUPPORTS_MAC_DESIGNED_FOR_IPHONE_IPAD = YES;
				SWIFT_EMIT_LOC_STRINGS = YES;
				SWIFT_VERSION = 5.0;
				TARGETED_DEVICE_FAMILY = 1;
			};
			name = Release;
		};
/* End XCBuildConfiguration section */

/* Begin XCConfigurationList section */
		EB3B83232A14B79D00617CEA /* Build configuration list for PBXNativeTarget "WhereCanISeeThisTests" */ = {
			isa = XCConfigurationList;
			buildConfigurations = (
				EB3B83242A14B79D00617CEA /* Debug */,
				EB3B83252A14B79D00617CEA /* Release */,
			);
			defaultConfigurationIsVisible = 0;
			defaultConfigurationName = Release;
		};
		EB8B04FC2A12475E00C1BC37 /* Build configuration list for PBXProject "WhereCanISeeThis" */ = {
			isa = XCConfigurationList;
			buildConfigurations = (
				EB8B05292A12475F00C1BC37 /* Debug */,
				EB8B052A2A12475F00C1BC37 /* Release */,
			);
			defaultConfigurationIsVisible = 0;
			defaultConfigurationName = Release;
		};
		EB8B052B2A12475F00C1BC37 /* Build configuration list for PBXNativeTarget "WhereCanISeeThis" */ = {
			isa = XCConfigurationList;
			buildConfigurations = (
				EB8B052C2A12475F00C1BC37 /* Debug */,
				EB8B052D2A12475F00C1BC37 /* Release */,
			);
			defaultConfigurationIsVisible = 0;
			defaultConfigurationName = Release;
		};
/* End XCConfigurationList section */
	};
	rootObject = EB8B04F92A12475E00C1BC37 /* Project object */;
}
